// !$*UTF8*$!
{
	archiveVersion = 1;
	classes = {
	};
	objectVersion = 77;
	objects = {

/* Begin PBXContainerItemProxy section */
		3F28A5972CDCCD7A006DB8BE /* PBXContainerItemProxy */ = {
			isa = PBXContainerItemProxy;
			containerPortal = 3F28A57E2CDCCD78006DB8BE /* Project object */;
			proxyType = 1;
			remoteGlobalIDString = 3F28A5852CDCCD78006DB8BE;
			remoteInfo = lab_3;
		};
		3F28A5A12CDCCD7A006DB8BE /* PBXContainerItemProxy */ = {
			isa = PBXContainerItemProxy;
			containerPortal = 3F28A57E2CDCCD78006DB8BE /* Project object */;
			proxyType = 1;
			remoteGlobalIDString = 3F28A5852CDCCD78006DB8BE;
			remoteInfo = lab_3;
		};
/* End PBXContainerItemProxy section */

/* Begin PBXFileReference section */
		3F28A5862CDCCD78006DB8BE /* lab_3.app */ = {isa = PBXFileReference; explicitFileType = wrapper.application; includeInIndex = 0; path = lab_3.app; sourceTree = BUILT_PRODUCTS_DIR; };
		3F28A5962CDCCD7A006DB8BE /* lab_3Tests.xctest */ = {isa = PBXFileReference; explicitFileType = wrapper.cfbundle; includeInIndex = 0; path = lab_3Tests.xctest; sourceTree = BUILT_PRODUCTS_DIR; };
		3F28A5A02CDCCD7A006DB8BE /* lab_3UITests.xctest */ = {isa = PBXFileReference; explicitFileType = wrapper.cfbundle; includeInIndex = 0; path = lab_3UITests.xctest; sourceTree = BUILT_PRODUCTS_DIR; };
/* End PBXFileReference section */

/* Begin PBXFileSystemSynchronizedRootGroup section */
		3F28A5882CDCCD78006DB8BE /* lab_3 */ = {
			isa = PBXFileSystemSynchronizedRootGroup;
			path = lab_3;
			sourceTree = "<group>";
		};
		3F28A5992CDCCD7A006DB8BE /* lab_3Tests */ = {
			isa = PBXFileSystemSynchronizedRootGroup;
			path = lab_3Tests;
			sourceTree = "<group>";
		};
		3F28A5A32CDCCD7A006DB8BE /* lab_3UITests */ = {
			isa = PBXFileSystemSynchronizedRootGroup;
			path = lab_3UITests;
			sourceTree = "<group>";
		};
/* End PBXFileSystemSynchronizedRootGroup section */

/* Begin PBXFrameworksBuildPhase section */
		3F28A5832CDCCD78006DB8BE /* Frameworks */ = {
			isa = PBXFrameworksBuildPhase;
			buildActionMask = 2147483647;
			files = (
			);
			runOnlyForDeploymentPostprocessing = 0;
		};
		3F28A5932CDCCD7A006DB8BE /* Frameworks */ = {
			isa = PBXFrameworksBuildPhase;
			buildActionMask = 2147483647;
			files = (
			);
			runOnlyForDeploymentPostprocessing = 0;
		};
		3F28A59D2CDCCD7A006DB8BE /* Frameworks */ = {
			isa = PBXFrameworksBuildPhase;
			buildActionMask = 2147483647;
			files = (
			);
			runOnlyForDeploymentPostprocessing = 0;
		};
/* End PBXFrameworksBuildPhase section */

/* Begin PBXGroup section */
		3F28A57D2CDCCD78006DB8BE = {
			isa = PBXGroup;
			children = (
				3F28A5882CDCCD78006DB8BE /* lab_3 */,
				3F28A5992CDCCD7A006DB8BE /* lab_3Tests */,
				3F28A5A32CDCCD7A006DB8BE /* lab_3UITests */,
				3F28A5872CDCCD78006DB8BE /* Products */,
			);
			sourceTree = "<group>";
		};
		3F28A5872CDCCD78006DB8BE /* Products */ = {
			isa = PBXGroup;
			children = (
				3F28A5862CDCCD78006DB8BE /* lab_3.app */,
				3F28A5962CDCCD7A006DB8BE /* lab_3Tests.xctest */,
				3F28A5A02CDCCD7A006DB8BE /* lab_3UITests.xctest */,
			);
			name = Products;
			sourceTree = "<group>";
		};
/* End PBXGroup section */

/* Begin PBXNativeTarget section */
		3F28A5852CDCCD78006DB8BE /* lab_3 */ = {
			isa = PBXNativeTarget;
			buildConfigurationList = 3F28A5AA2CDCCD7A006DB8BE /* Build configuration list for PBXNativeTarget "lab_3" */;
			buildPhases = (
				3F28A5822CDCCD78006DB8BE /* Sources */,
				3F28A5832CDCCD78006DB8BE /* Frameworks */,
				3F28A5842CDCCD78006DB8BE /* Resources */,
			);
			buildRules = (
			);
			dependencies = (
			);
			fileSystemSynchronizedGroups = (
				3F28A5882CDCCD78006DB8BE /* lab_3 */,
			);
			name = lab_3;
			packageProductDependencies = (
			);
			productName = lab_3;
			productReference = 3F28A5862CDCCD78006DB8BE /* lab_3.app */;
			productType = "com.apple.product-type.application";
		};
		3F28A5952CDCCD7A006DB8BE /* lab_3Tests */ = {
			isa = PBXNativeTarget;
			buildConfigurationList = 3F28A5AD2CDCCD7A006DB8BE /* Build configuration list for PBXNativeTarget "lab_3Tests" */;
			buildPhases = (
				3F28A5922CDCCD7A006DB8BE /* Sources */,
				3F28A5932CDCCD7A006DB8BE /* Frameworks */,
				3F28A5942CDCCD7A006DB8BE /* Resources */,
			);
			buildRules = (
			);
			dependencies = (
				3F28A5982CDCCD7A006DB8BE /* PBXTargetDependency */,
			);
			fileSystemSynchronizedGroups = (
				3F28A5992CDCCD7A006DB8BE /* lab_3Tests */,
			);
			name = lab_3Tests;
			packageProductDependencies = (
			);
			productName = lab_3Tests;
			productReference = 3F28A5962CDCCD7A006DB8BE /* lab_3Tests.xctest */;
			productType = "com.apple.product-type.bundle.unit-test";
		};
		3F28A59F2CDCCD7A006DB8BE /* lab_3UITests */ = {
			isa = PBXNativeTarget;
			buildConfigurationList = 3F28A5B02CDCCD7A006DB8BE /* Build configuration list for PBXNativeTarget "lab_3UITests" */;
			buildPhases = (
				3F28A59C2CDCCD7A006DB8BE /* Sources */,
				3F28A59D2CDCCD7A006DB8BE /* Frameworks */,
				3F28A59E2CDCCD7A006DB8BE /* Resources */,
			);
			buildRules = (
			);
			dependencies = (
				3F28A5A22CDCCD7A006DB8BE /* PBXTargetDependency */,
			);
			fileSystemSynchronizedGroups = (
				3F28A5A32CDCCD7A006DB8BE /* lab_3UITests */,
			);
			name = lab_3UITests;
			packageProductDependencies = (
			);
			productName = lab_3UITests;
			productReference = 3F28A5A02CDCCD7A006DB8BE /* lab_3UITests.xctest */;
			productType = "com.apple.product-type.bundle.ui-testing";
		};
/* End PBXNativeTarget section */

/* Begin PBXProject section */
		3F28A57E2CDCCD78006DB8BE /* Project object */ = {
			isa = PBXProject;
			attributes = {
				BuildIndependentTargetsInParallel = 1;
				LastSwiftUpdateCheck = 1610;
				LastUpgradeCheck = 1610;
				TargetAttributes = {
					3F28A5852CDCCD78006DB8BE = {
						CreatedOnToolsVersion = 16.1;
					};
					3F28A5952CDCCD7A006DB8BE = {
						CreatedOnToolsVersion = 16.1;
						TestTargetID = 3F28A5852CDCCD78006DB8BE;
					};
					3F28A59F2CDCCD7A006DB8BE = {
						CreatedOnToolsVersion = 16.1;
						TestTargetID = 3F28A5852CDCCD78006DB8BE;
					};
				};
			};
			buildConfigurationList = 3F28A5812CDCCD78006DB8BE /* Build configuration list for PBXProject "lab_3" */;
			developmentRegion = en;
			hasScannedForEncodings = 0;
			knownRegions = (
				en,
				Base,
			);
			mainGroup = 3F28A57D2CDCCD78006DB8BE;
			minimizedProjectReferenceProxies = 1;
			preferredProjectObjectVersion = 77;
			productRefGroup = 3F28A5872CDCCD78006DB8BE /* Products */;
			projectDirPath = "";
			projectRoot = "";
			targets = (
				3F28A5852CDCCD78006DB8BE /* lab_3 */,
				3F28A5952CDCCD7A006DB8BE /* lab_3Tests */,
				3F28A59F2CDCCD7A006DB8BE /* lab_3UITests */,
			);
		};
/* End PBXProject section */

/* Begin PBXResourcesBuildPhase section */
		3F28A5842CDCCD78006DB8BE /* Resources */ = {
			isa = PBXResourcesBuildPhase;
			buildActionMask = 2147483647;
			files = (
			);
			runOnlyForDeploymentPostprocessing = 0;
		};
		3F28A5942CDCCD7A006DB8BE /* Resources */ = {
			isa = PBXResourcesBuildPhase;
			buildActionMask = 2147483647;
			files = (
			);
			runOnlyForDeploymentPostprocessing = 0;
		};
		3F28A59E2CDCCD7A006DB8BE /* Resources */ = {
			isa = PBXResourcesBuildPhase;
			buildActionMask = 2147483647;
			files = (
			);
			runOnlyForDeploymentPostprocessing = 0;
		};
/* End PBXResourcesBuildPhase section */

/* Begin PBXSourcesBuildPhase section */
		3F28A5822CDCCD78006DB8BE /* Sources */ = {
			isa = PBXSourcesBuildPhase;
			buildActionMask = 2147483647;
			files = (
			);
			runOnlyForDeploymentPostprocessing = 0;
		};
		3F28A5922CDCCD7A006DB8BE /* Sources */ = {
			isa = PBXSourcesBuildPhase;
			buildActionMask = 2147483647;
			files = (
			);
			runOnlyForDeploymentPostprocessing = 0;
		};
		3F28A59C2CDCCD7A006DB8BE /* Sources */ = {
			isa = PBXSourcesBuildPhase;
			buildActionMask = 2147483647;
			files = (
			);
			runOnlyForDeploymentPostprocessing = 0;
		};
/* End PBXSourcesBuildPhase section */

/* Begin PBXTargetDependency section */
		3F28A5982CDCCD7A006DB8BE /* PBXTargetDependency */ = {
			isa = PBXTargetDependency;
			target = 3F28A5852CDCCD78006DB8BE /* lab_3 */;
			targetProxy = 3F28A5972CDCCD7A006DB8BE /* PBXContainerItemProxy */;
		};
		3F28A5A22CDCCD7A006DB8BE /* PBXTargetDependency */ = {
			isa = PBXTargetDependency;
			target = 3F28A5852CDCCD78006DB8BE /* lab_3 */;
			targetProxy = 3F28A5A12CDCCD7A006DB8BE /* PBXContainerItemProxy */;
		};
/* End PBXTargetDependency section */

/* Begin XCBuildConfiguration section */
		3F28A5A82CDCCD7A006DB8BE /* Debug */ = {
			isa = XCBuildConfiguration;
			buildSettings = {
				ALWAYS_SEARCH_USER_PATHS = NO;
				ASSETCATALOG_COMPILER_GENERATE_SWIFT_ASSET_SYMBOL_EXTENSIONS = YES;
				CLANG_ANALYZER_NONNULL = YES;
				CLANG_ANALYZER_NUMBER_OBJECT_CONVERSION = YES_AGGRESSIVE;
				CLANG_CXX_LANGUAGE_STANDARD = "gnu++20";
				CLANG_ENABLE_MODULES = YES;
				CLANG_ENABLE_OBJC_ARC = YES;
				CLANG_ENABLE_OBJC_WEAK = YES;
				CLANG_WARN_BLOCK_CAPTURE_AUTORELEASING = YES;
				CLANG_WARN_BOOL_CONVERSION = YES;
				CLANG_WARN_COMMA = YES;
				CLANG_WARN_CONSTANT_CONVERSION = YES;
				CLANG_WARN_DEPRECATED_OBJC_IMPLEMENTATIONS = YES;
				CLANG_WARN_DIRECT_OBJC_ISA_USAGE = YES_ERROR;
				CLANG_WARN_DOCUMENTATION_COMMENTS = YES;
				CLANG_WARN_EMPTY_BODY = YES;
				CLANG_WARN_ENUM_CONVERSION = YES;
				CLANG_WARN_INFINITE_RECURSION = YES;
				CLANG_WARN_INT_CONVERSION = YES;
				CLANG_WARN_NON_LITERAL_NULL_CONVERSION = YES;
				CLANG_WARN_OBJC_IMPLICIT_RETAIN_SELF = YES;
				CLANG_WARN_OBJC_LITERAL_CONVERSION = YES;
				CLANG_WARN_OBJC_ROOT_CLASS = YES_ERROR;
				CLANG_WARN_QUOTED_INCLUDE_IN_FRAMEWORK_HEADER = YES;
				CLANG_WARN_RANGE_LOOP_ANALYSIS = YES;
				CLANG_WARN_STRICT_PROTOTYPES = YES;
				CLANG_WARN_SUSPICIOUS_MOVE = YES;
				CLANG_WARN_UNGUARDED_AVAILABILITY = YES_AGGRESSIVE;
				CLANG_WARN_UNREACHABLE_CODE = YES;
				CLANG_WARN__DUPLICATE_METHOD_MATCH = YES;
				COPY_PHASE_STRIP = NO;
				DEBUG_INFORMATION_FORMAT = dwarf;
				ENABLE_STRICT_OBJC_MSGSEND = YES;
				ENABLE_TESTABILITY = YES;
				ENABLE_USER_SCRIPT_SANDBOXING = YES;
				GCC_C_LANGUAGE_STANDARD = gnu17;
				GCC_DYNAMIC_NO_PIC = NO;
				GCC_NO_COMMON_BLOCKS = YES;
				GCC_OPTIMIZATION_LEVEL = 0;
				GCC_PREPROCESSOR_DEFINITIONS = (
					"DEBUG=1",
					"$(inherited)",
				);
				GCC_WARN_64_TO_32_BIT_CONVERSION = YES;
				GCC_WARN_ABOUT_RETURN_TYPE = YES_ERROR;
				GCC_WARN_UNDECLARED_SELECTOR = YES;
				GCC_WARN_UNINITIALIZED_AUTOS = YES_AGGRESSIVE;
				GCC_WARN_UNUSED_FUNCTION = YES;
				GCC_WARN_UNUSED_VARIABLE = YES;
				IPHONEOS_DEPLOYMENT_TARGET = 18.1;
				LOCALIZATION_PREFERS_STRING_CATALOGS = YES;
				MTL_ENABLE_DEBUG_INFO = INCLUDE_SOURCE;
				MTL_FAST_MATH = YES;
				ONLY_ACTIVE_ARCH = YES;
				SDKROOT = iphoneos;
				SWIFT_ACTIVE_COMPILATION_CONDITIONS = "DEBUG $(inherited)";
				SWIFT_OPTIMIZATION_LEVEL = "-Onone";
			};
			name = Debug;
		};
		3F28A5A92CDCCD7A006DB8BE /* Release */ = {
			isa = XCBuildConfiguration;
			buildSettings = {
				ALWAYS_SEARCH_USER_PATHS = NO;
				ASSETCATALOG_COMPILER_GENERATE_SWIFT_ASSET_SYMBOL_EXTENSIONS = YES;
				CLANG_ANALYZER_NONNULL = YES;
				CLANG_ANALYZER_NUMBER_OBJECT_CONVERSION = YES_AGGRESSIVE;
				CLANG_CXX_LANGUAGE_STANDARD = "gnu++20";
				CLANG_ENABLE_MODULES = YES;
				CLANG_ENABLE_OBJC_ARC = YES;
				CLANG_ENABLE_OBJC_WEAK = YES;
				CLANG_WARN_BLOCK_CAPTURE_AUTORELEASING = YES;
				CLANG_WARN_BOOL_CONVERSION = YES;
				CLANG_WARN_COMMA = YES;
				CLANG_WARN_CONSTANT_CONVERSION = YES;
				CLANG_WARN_DEPRECATED_OBJC_IMPLEMENTATIONS = YES;
				CLANG_WARN_DIRECT_OBJC_ISA_USAGE = YES_ERROR;
				CLANG_WARN_DOCUMENTATION_COMMENTS = YES;
				CLANG_WARN_EMPTY_BODY = YES;
				CLANG_WARN_ENUM_CONVERSION = YES;
				CLANG_WARN_INFINITE_RECURSION = YES;
				CLANG_WARN_INT_CONVERSION = YES;
				CLANG_WARN_NON_LITERAL_NULL_CONVERSION = YES;
				CLANG_WARN_OBJC_IMPLICIT_RETAIN_SELF = YES;
				CLANG_WARN_OBJC_LITERAL_CONVERSION = YES;
				CLANG_WARN_OBJC_ROOT_CLASS = YES_ERROR;
				CLANG_WARN_QUOTED_INCLUDE_IN_FRAMEWORK_HEADER = YES;
				CLANG_WARN_RANGE_LOOP_ANALYSIS = YES;
				CLANG_WARN_STRICT_PROTOTYPES = YES;
				CLANG_WARN_SUSPICIOUS_MOVE = YES;
				CLANG_WARN_UNGUARDED_AVAILABILITY = YES_AGGRESSIVE;
				CLANG_WARN_UNREACHABLE_CODE = YES;
				CLANG_WARN__DUPLICATE_METHOD_MATCH = YES;
				COPY_PHASE_STRIP = NO;
				DEBUG_INFORMATION_FORMAT = "dwarf-with-dsym";
				ENABLE_NS_ASSERTIONS = NO;
				ENABLE_STRICT_OBJC_MSGSEND = YES;
				ENABLE_USER_SCRIPT_SANDBOXING = YES;
				GCC_C_LANGUAGE_STANDARD = gnu17;
				GCC_NO_COMMON_BLOCKS = YES;
				GCC_WARN_64_TO_32_BIT_CONVERSION = YES;
				GCC_WARN_ABOUT_RETURN_TYPE = YES_ERROR;
				GCC_WARN_UNDECLARED_SELECTOR = YES;
				GCC_WARN_UNINITIALIZED_AUTOS = YES_AGGRESSIVE;
				GCC_WARN_UNUSED_FUNCTION = YES;
				GCC_WARN_UNUSED_VARIABLE = YES;
				IPHONEOS_DEPLOYMENT_TARGET = 18.1;
				LOCALIZATION_PREFERS_STRING_CATALOGS = YES;
				MTL_ENABLE_DEBUG_INFO = NO;
				MTL_FAST_MATH = YES;
				SDKROOT = iphoneos;
				SWIFT_COMPILATION_MODE = wholemodule;
				VALIDATE_PRODUCT = YES;
			};
			name = Release;
		};
		3F28A5AB2CDCCD7A006DB8BE /* Debug */ = {
			isa = XCBuildConfiguration;
			buildSettings = {
				ASSETCATALOG_COMPILER_APPICON_NAME = AppIcon;
				ASSETCATALOG_COMPILER_GLOBAL_ACCENT_COLOR_NAME = AccentColor;
				CODE_SIGN_STYLE = Automatic;
				CURRENT_PROJECT_VERSION = 1;
				DEVELOPMENT_ASSET_PATHS = "\"lab_3/Preview Content\"";
				ENABLE_PREVIEWS = YES;
				GENERATE_INFOPLIST_FILE = YES;
				INFOPLIST_KEY_UIApplicationSceneManifest_Generation = YES;
				INFOPLIST_KEY_UIApplicationSupportsIndirectInputEvents = YES;
				INFOPLIST_KEY_UILaunchScreen_Generation = YES;
				INFOPLIST_KEY_UISupportedInterfaceOrientations_iPad = "UIInterfaceOrientationPortrait UIInterfaceOrientationPortraitUpsideDown UIInterfaceOrientationLandscapeLeft UIInterfaceOrientationLandscapeRight";
				INFOPLIST_KEY_UISupportedInterfaceOrientations_iPhone = "UIInterfaceOrientationPortrait UIInterfaceOrientationLandscapeLeft UIInterfaceOrientationLandscapeRight";
				LD_RUNPATH_SEARCH_PATHS = (
					"$(inherited)",
					"@executable_path/Frameworks",
				);
				MARKETING_VERSION = 1.0;
				PRODUCT_BUNDLE_IDENTIFIER = "com.SDM.lab-3";
				PRODUCT_NAME = "$(TARGET_NAME)";
				SWIFT_EMIT_LOC_STRINGS = YES;
				SWIFT_VERSION = 5.0;
				TARGETED_DEVICE_FAMILY = "1,2";
			};
			name = Debug;
		};
		3F28A5AC2CDCCD7A006DB8BE /* Release */ = {
			isa = XCBuildConfiguration;
			buildSettings = {
				ASSETCATALOG_COMPILER_APPICON_NAME = AppIcon;
				ASSETCATALOG_COMPILER_GLOBAL_ACCENT_COLOR_NAME = AccentColor;
				CODE_SIGN_STYLE = Automatic;
				CURRENT_PROJECT_VERSION = 1;
				DEVELOPMENT_ASSET_PATHS = "\"lab_3/Preview Content\"";
				ENABLE_PREVIEWS = YES;
				GENERATE_INFOPLIST_FILE = YES;
				INFOPLIST_KEY_UIApplicationSceneManifest_Generation = YES;
				INFOPLIST_KEY_UIApplicationSupportsIndirectInputEvents = YES;
				INFOPLIST_KEY_UILaunchScreen_Generation = YES;
				INFOPLIST_KEY_UISupportedInterfaceOrientations_iPad = "UIInterfaceOrientationPortrait UIInterfaceOrientationPortraitUpsideDown UIInterfaceOrientationLandscapeLeft UIInterfaceOrientationLandscapeRight";
				INFOPLIST_KEY_UISupportedInterfaceOrientations_iPhone = "UIInterfaceOrientationPortrait UIInterfaceOrientationLandscapeLeft UIInterfaceOrientationLandscapeRight";
				LD_RUNPATH_SEARCH_PATHS = (
					"$(inherited)",
					"@executable_path/Frameworks",
				);
				MARKETING_VERSION = 1.0;
				PRODUCT_BUNDLE_IDENTIFIER = "com.SDM.lab-3";
				PRODUCT_NAME = "$(TARGET_NAME)";
				SWIFT_EMIT_LOC_STRINGS = YES;
				SWIFT_VERSION = 5.0;
				TARGETED_DEVICE_FAMILY = "1,2";
			};
			name = Release;
		};
		3F28A5AE2CDCCD7A006DB8BE /* Debug */ = {
			isa = XCBuildConfiguration;
			buildSettings = {
				BUNDLE_LOADER = "$(TEST_HOST)";
				CODE_SIGN_STYLE = Automatic;
				CURRENT_PROJECT_VERSION = 1;
				GENERATE_INFOPLIST_FILE = YES;
				IPHONEOS_DEPLOYMENT_TARGET = 18.1;
				MARKETING_VERSION = 1.0;
				PRODUCT_BUNDLE_IDENTIFIER = "com.SDM.lab-3Tests";
				PRODUCT_NAME = "$(TARGET_NAME)";
				SWIFT_EMIT_LOC_STRINGS = NO;
				SWIFT_VERSION = 5.0;
				TARGETED_DEVICE_FAMILY = "1,2";
				TEST_HOST = "$(BUILT_PRODUCTS_DIR)/lab_3.app/$(BUNDLE_EXECUTABLE_FOLDER_PATH)/lab_3";
			};
			name = Debug;
		};
		3F28A5AF2CDCCD7A006DB8BE /* Release */ = {
			isa = XCBuildConfiguration;
			buildSettings = {
				BUNDLE_LOADER = "$(TEST_HOST)";
				CODE_SIGN_STYLE = Automatic;
				CURRENT_PROJECT_VERSION = 1;
				GENERATE_INFOPLIST_FILE = YES;
				IPHONEOS_DEPLOYMENT_TARGET = 18.1;
				MARKETING_VERSION = 1.0;
				PRODUCT_BUNDLE_IDENTIFIER = "com.SDM.lab-3Tests";
				PRODUCT_NAME = "$(TARGET_NAME)";
				SWIFT_EMIT_LOC_STRINGS = NO;
				SWIFT_VERSION = 5.0;
				TARGETED_DEVICE_FAMILY = "1,2";
				TEST_HOST = "$(BUILT_PRODUCTS_DIR)/lab_3.app/$(BUNDLE_EXECUTABLE_FOLDER_PATH)/lab_3";
			};
			name = Release;
		};
		3F28A5B12CDCCD7A006DB8BE /* Debug */ = {
			isa = XCBuildConfiguration;
			buildSettings = {
				CODE_SIGN_STYLE = Automatic;
				CURRENT_PROJECT_VERSION = 1;
				GENERATE_INFOPLIST_FILE = YES;
				MARKETING_VERSION = 1.0;
				PRODUCT_BUNDLE_IDENTIFIER = "com.SDM.lab-3UITests";
				PRODUCT_NAME = "$(TARGET_NAME)";
				SWIFT_EMIT_LOC_STRINGS = NO;
				SWIFT_VERSION = 5.0;
				TARGETED_DEVICE_FAMILY = "1,2";
				TEST_TARGET_NAME = lab_3;
			};
			name = Debug;
		};
		3F28A5B22CDCCD7A006DB8BE /* Release */ = {
			isa = XCBuildConfiguration;
			buildSettings = {
				CODE_SIGN_STYLE = Automatic;
				CURRENT_PROJECT_VERSION = 1;
				GENERATE_INFOPLIST_FILE = YES;
				MARKETING_VERSION = 1.0;
				PRODUCT_BUNDLE_IDENTIFIER = "com.SDM.lab-3UITests";
				PRODUCT_NAME = "$(TARGET_NAME)";
				SWIFT_EMIT_LOC_STRINGS = NO;
				SWIFT_VERSION = 5.0;
				TARGETED_DEVICE_FAMILY = "1,2";
				TEST_TARGET_NAME = lab_3;
			};
			name = Release;
		};
/* End XCBuildConfiguration section */

/* Begin XCConfigurationList section */
		3F28A5812CDCCD78006DB8BE /* Build configuration list for PBXProject "lab_3" */ = {
			isa = XCConfigurationList;
			buildConfigurations = (
				3F28A5A82CDCCD7A006DB8BE /* Debug */,
				3F28A5A92CDCCD7A006DB8BE /* Release */,
			);
			defaultConfigurationIsVisible = 0;
			defaultConfigurationName = Release;
		};
		3F28A5AA2CDCCD7A006DB8BE /* Build configuration list for PBXNativeTarget "lab_3" */ = {
			isa = XCConfigurationList;
			buildConfigurations = (
				3F28A5AB2CDCCD7A006DB8BE /* Debug */,
				3F28A5AC2CDCCD7A006DB8BE /* Release */,
			);
			defaultConfigurationIsVisible = 0;
			defaultConfigurationName = Release;
		};
		3F28A5AD2CDCCD7A006DB8BE /* Build configuration list for PBXNativeTarget "lab_3Tests" */ = {
			isa = XCConfigurationList;
			buildConfigurations = (
				3F28A5AE2CDCCD7A006DB8BE /* Debug */,
				3F28A5AF2CDCCD7A006DB8BE /* Release */,
			);
			defaultConfigurationIsVisible = 0;
			defaultConfigurationName = Release;
		};
		3F28A5B02CDCCD7A006DB8BE /* Build configuration list for PBXNativeTarget "lab_3UITests" */ = {
			isa = XCConfigurationList;
			buildConfigurations = (
				3F28A5B12CDCCD7A006DB8BE /* Debug */,
				3F28A5B22CDCCD7A006DB8BE /* Release */,
			);
			defaultConfigurationIsVisible = 0;
			defaultConfigurationName = Release;
		};
/* End XCConfigurationList section */
	};
	rootObject = 3F28A57E2CDCCD78006DB8BE /* Project object */;
}
